
Microsoft Visual Studio Solution File, Format Version 12.00
# Visual Studio 15
VisualStudioVersion = 15.0.28307.1062
MinimumVisualStudioVersion = 10.0.40219.1
Project("{FAE04EC0-301F-11D3-BF4B-00C04F79EFBC}") = "OpenFL.Editor.ThemeEngine", "OpenFL.Editor.ThemeEngine\OpenFL.Editor.ThemeEngine.csproj", "{81B5F0EE-578D-4F35-8BDF-5BD6A60A99DF}"
EndProject
Project("{2150E333-8FDC-42A3-9474-1A3956D46DE8}") = "Editor", "Editor", "{02D43AB3-86C8-41AB-94A7-A09339E54183}"
EndProject
Project("{2150E333-8FDC-42A3-9474-1A3956D46DE8}") = "FL", "FL", "{135C3EAC-5C51-4438-B86F-E0BFA831AFF4}"
EndProject
Project("{2150E333-8FDC-42A3-9474-1A3956D46DE8}") = "CL", "CL", "{50F28F5C-A7CB-4286-BC0E-0C585DDA6C54}"
EndProject
Project("{9A19103F-16F7-4668-BE54-9A1E7A4F7556}") = "OpenCL", "..\deps\OpenFL.Editor\deps\OpenFL\deps\OpenCL.Wrapper\deps\OpenCL\src\OpenCL\OpenCL.csproj", "{2CFBDB02-542F-4142-807B-B607F3C79466}"
EndProject
Project("{9A19103F-16F7-4668-BE54-9A1E7A4F7556}") = "OpenCL.Wrapper", "..\deps\OpenFL.Editor\deps\OpenFL\deps\OpenCL.Wrapper\src\OpenCL.Wrapper\OpenCL.Wrapper.csproj", "{015EBEC5-22CC-4B92-B84C-CEE9F99906CD}"
EndProject
Project("{9A19103F-16F7-4668-BE54-9A1E7A4F7556}") = "OpenFL", "..\deps\OpenFL.Editor\deps\OpenFL\src\OpenFL\OpenFL.csproj", "{F363A2D4-008E-43A7-8527-9B2B187254CC}"
EndProject
Project("{FAE04EC0-301F-11D3-BF4B-00C04F79EFBC}") = "OpenFL.Editor", "..\deps\OpenFL.Editor\src\OpenFL.Editor\OpenFL.Editor.csproj", "{0DBA7A0D-7701-4DB4-B6AE-8C3D5D2ABDDA}"
EndProject
Project("{9A19103F-16F7-4668-BE54-9A1E7A4F7556}") = "PluginSystem", "..\deps\OpenFL.Editor\deps\OpenFL\deps\PluginSystem\src\PluginSystem\PluginSystem.csproj", "{0AEAF01D-23B3-453E-A1BA-41DC91C61C6B}"
EndProject
Project("{9A19103F-16F7-4668-BE54-9A1E7A4F7556}") = "Utility", "..\deps\OpenFL.Editor\deps\OpenFL\deps\OpenCL.Wrapper\deps\Utility\src\Utility\Utility.csproj", "{8F8C1CB4-9CAC-42A5-8BB3-0953C01C9D20}"
EndProject
Project("{FAE04EC0-301F-11D3-BF4B-00C04F79EFBC}") = "ThemeEngine", "..\deps\OpenFL.Editor\deps\ThemeEngine\src\ThemeEngine\ThemeEngine.csproj", "{5B9F1ABA-8297-4855-B06B-B3C0F2419B35}"
EndProject
Project("{2150E333-8FDC-42A3-9474-1A3956D46DE8}") = "Themes", "Themes", "{86616C81-43DA-4C47-A70B-E4E3D52ED407}"
EndProject
Project("{9A19103F-16F7-4668-BE54-9A1E7A4F7556}") = "Utility", "..\deps\OpenFL.Editor\deps\ThemeEngine\deps\Utility\src\Utility\Utility.csproj", "{81A4B043-98CB-48B4-8529-14694529827A}"
EndProject
Project("{2150E333-8FDC-42A3-9474-1A3956D46DE8}") = "WindowsForms", "WindowsForms", "{48BE7E23-5587-4533-A039-CFEC7FD6BE0C}"
EndProject
Project("{9A19103F-16F7-4668-BE54-9A1E7A4F7556}") = "Utility", "..\deps\OpenFL.Editor\deps\Utility.WindowsForms\deps\Utility\src\Utility\Utility.csproj", "{A5A725BC-0E76-4493-AFEF-1871954B85ED}"
EndProject
Project("{FAE04EC0-301F-11D3-BF4B-00C04F79EFBC}") = "Utility.WindowsForms", "..\deps\OpenFL.Editor\deps\Utility.WindowsForms\src\Utility.WindowsForms\Utility.WindowsForms.csproj", "{771AA9BE-E747-438E-9FA1-F4AA0AD6DDD0}"
EndProject
Global
	GlobalSection(SolutionConfigurationPlatforms) = preSolution
		Debug|Any CPU = Debug|Any CPU
		Release|Any CPU = Release|Any CPU
	EndGlobalSection
	GlobalSection(ProjectConfigurationPlatforms) = postSolution
		{81B5F0EE-578D-4F35-8BDF-5BD6A60A99DF}.Debug|Any CPU.ActiveCfg = Debug|Any CPU
		{81B5F0EE-578D-4F35-8BDF-5BD6A60A99DF}.Debug|Any CPU.Build.0 = Debug|Any CPU
		{81B5F0EE-578D-4F35-8BDF-5BD6A60A99DF}.Release|Any CPU.ActiveCfg = Release|Any CPU
		{81B5F0EE-578D-4F35-8BDF-5BD6A60A99DF}.Release|Any CPU.Build.0 = Release|Any CPU
		{2CFBDB02-542F-4142-807B-B607F3C79466}.Debug|Any CPU.ActiveCfg = Debug|Any CPU
		{2CFBDB02-542F-4142-807B-B607F3C79466}.Debug|Any CPU.Build.0 = Debug|Any CPU
		{2CFBDB02-542F-4142-807B-B607F3C79466}.Release|Any CPU.ActiveCfg = Release|Any CPU
		{2CFBDB02-542F-4142-807B-B607F3C79466}.Release|Any CPU.Build.0 = Release|Any CPU
		{015EBEC5-22CC-4B92-B84C-CEE9F99906CD}.Debug|Any CPU.ActiveCfg = Debug|Any CPU
		{015EBEC5-22CC-4B92-B84C-CEE9F99906CD}.Debug|Any CPU.Build.0 = Debug|Any CPU
		{015EBEC5-22CC-4B92-B84C-CEE9F99906CD}.Release|Any CPU.ActiveCfg = Release|Any CPU
		{015EBEC5-22CC-4B92-B84C-CEE9F99906CD}.Release|Any CPU.Build.0 = Release|Any CPU
		{F363A2D4-008E-43A7-8527-9B2B187254CC}.Debug|Any CPU.ActiveCfg = Debug|Any CPU
		{F363A2D4-008E-43A7-8527-9B2B187254CC}.Debug|Any CPU.Build.0 = Debug|Any CPU
		{F363A2D4-008E-43A7-8527-9B2B187254CC}.Release|Any CPU.ActiveCfg = Release|Any CPU
		{F363A2D4-008E-43A7-8527-9B2B187254CC}.Release|Any CPU.Build.0 = Release|Any CPU
		{0DBA7A0D-7701-4DB4-B6AE-8C3D5D2ABDDA}.Debug|Any CPU.ActiveCfg = Debug|Any CPU
		{0DBA7A0D-7701-4DB4-B6AE-8C3D5D2ABDDA}.Debug|Any CPU.Build.0 = Debug|Any CPU
		{0DBA7A0D-7701-4DB4-B6AE-8C3D5D2ABDDA}.Release|Any CPU.ActiveCfg = Release|Any CPU
		{0DBA7A0D-7701-4DB4-B6AE-8C3D5D2ABDDA}.Release|Any CPU.Build.0 = Release|Any CPU
		{0AEAF01D-23B3-453E-A1BA-41DC91C61C6B}.Debug|Any CPU.ActiveCfg = Debug|Any CPU
		{0AEAF01D-23B3-453E-A1BA-41DC91C61C6B}.Debug|Any CPU.Build.0 = Debug|Any CPU
		{0AEAF01D-23B3-453E-A1BA-41DC91C61C6B}.Release|Any CPU.ActiveCfg = Release|Any CPU
		{0AEAF01D-23B3-453E-A1BA-41DC91C61C6B}.Release|Any CPU.Build.0 = Release|Any CPU
		{8F8C1CB4-9CAC-42A5-8BB3-0953C01C9D20}.Debug|Any CPU.ActiveCfg = Debug|Any CPU
		{8F8C1CB4-9CAC-42A5-8BB3-0953C01C9D20}.Debug|Any CPU.Build.0 = Debug|Any CPU
		{8F8C1CB4-9CAC-42A5-8BB3-0953C01C9D20}.Release|Any CPU.ActiveCfg = Release|Any CPU
		{8F8C1CB4-9CAC-42A5-8BB3-0953C01C9D20}.Release|Any CPU.Build.0 = Release|Any CPU
		{5B9F1ABA-8297-4855-B06B-B3C0F2419B35}.Debug|Any CPU.ActiveCfg = Debug|Any CPU
		{5B9F1ABA-8297-4855-B06B-B3C0F2419B35}.Debug|Any CPU.Build.0 = Debug|Any CPU
		{5B9F1ABA-8297-4855-B06B-B3C0F2419B35}.Release|Any CPU.ActiveCfg = Release|Any CPU
		{5B9F1ABA-8297-4855-B06B-B3C0F2419B35}.Release|Any CPU.Build.0 = Release|Any CPU
		{81A4B043-98CB-48B4-8529-14694529827A}.Debug|Any CPU.ActiveCfg = Debug|Any CPU
		{81A4B043-98CB-48B4-8529-14694529827A}.Debug|Any CPU.Build.0 = Debug|Any CPU
		{81A4B043-98CB-48B4-8529-14694529827A}.Release|Any CPU.ActiveCfg = Release|Any CPU
		{81A4B043-98CB-48B4-8529-14694529827A}.Release|Any CPU.Build.0 = Release|Any CPU
		{A5A725BC-0E76-4493-AFEF-1871954B85ED}.Debug|Any CPU.ActiveCfg = Debug|Any CPU
		{A5A725BC-0E76-4493-AFEF-1871954B85ED}.Debug|Any CPU.Build.0 = Debug|Any CPU
		{A5A725BC-0E76-4493-AFEF-1871954B85ED}.Release|Any CPU.ActiveCfg = Release|Any CPU
		{A5A725BC-0E76-4493-AFEF-1871954B85ED}.Release|Any CPU.Build.0 = Release|Any CPU
		{771AA9BE-E747-438E-9FA1-F4AA0AD6DDD0}.Debug|Any CPU.ActiveCfg = Debug|Any CPU
		{771AA9BE-E747-438E-9FA1-F4AA0AD6DDD0}.Debug|Any CPU.Build.0 = Debug|Any CPU
		{771AA9BE-E747-438E-9FA1-F4AA0AD6DDD0}.Release|Any CPU.ActiveCfg = Release|Any CPU
		{771AA9BE-E747-438E-9FA1-F4AA0AD6DDD0}.Release|Any CPU.Build.0 = Release|Any CPU
	EndGlobalSection
	GlobalSection(SolutionProperties) = preSolution
		HideSolutionNode = FALSE
	EndGlobalSection
	GlobalSection(NestedProjects) = preSolution
		{135C3EAC-5C51-4438-B86F-E0BFA831AFF4} = {02D43AB3-86C8-41AB-94A7-A09339E54183}
		{50F28F5C-A7CB-4286-BC0E-0C585DDA6C54} = {135C3EAC-5C51-4438-B86F-E0BFA831AFF4}
		{2CFBDB02-542F-4142-807B-B607F3C79466} = {50F28F5C-A7CB-4286-BC0E-0C585DDA6C54}
		{015EBEC5-22CC-4B92-B84C-CEE9F99906CD} = {50F28F5C-A7CB-4286-BC0E-0C585DDA6C54}
		{F363A2D4-008E-43A7-8527-9B2B187254CC} = {135C3EAC-5C51-4438-B86F-E0BFA831AFF4}
		{0DBA7A0D-7701-4DB4-B6AE-8C3D5D2ABDDA} = {02D43AB3-86C8-41AB-94A7-A09339E54183}
		{5B9F1ABA-8297-4855-B06B-B3C0F2419B35} = {86616C81-43DA-4C47-A70B-E4E3D52ED407}
		{81A4B043-98CB-48B4-8529-14694529827A} = {86616C81-43DA-4C47-A70B-E4E3D52ED407}
		{A5A725BC-0E76-4493-AFEF-1871954B85ED} = {48BE7E23-5587-4533-A039-CFEC7FD6BE0C}
		{771AA9BE-E747-438E-9FA1-F4AA0AD6DDD0} = {48BE7E23-5587-4533-A039-CFEC7FD6BE0C}
	EndGlobalSection
	GlobalSection(ExtensibilityGlobals) = postSolution
		SolutionGuid = {8A34A692-E3E3-4EB2-84D8-C129DC880B52}
	EndGlobalSection
EndGlobal
